// !$*UTF8*$!
{
	archiveVersion = 1;
	classes = {
	};
	objectVersion = 50;
	objects = {

/* Begin PBXBuildFile section */
		2BDB211925C1602400111FCF /* Live_WWCharApp.swift in Sources */ = {isa = PBXBuildFile; fileRef = 2BDB211825C1602400111FCF /* Live_WWCharApp.swift */; };
		2BDB211B25C1602400111FCF /* ContentView.swift in Sources */ = {isa = PBXBuildFile; fileRef = 2BDB211A25C1602400111FCF /* ContentView.swift */; };
		2BDB211D25C1602500111FCF /* Assets.xcassets in Resources */ = {isa = PBXBuildFile; fileRef = 2BDB211C25C1602500111FCF /* Assets.xcassets */; };
		2BDB212025C1602500111FCF /* Preview Assets.xcassets in Resources */ = {isa = PBXBuildFile; fileRef = 2BDB211F25C1602500111FCF /* Preview Assets.xcassets */; };
		2BDB212225C1602500111FCF /* Persistence.swift in Sources */ = {isa = PBXBuildFile; fileRef = 2BDB212125C1602500111FCF /* Persistence.swift */; };
		2BDB212525C1602500111FCF /* Live_WWChar.xcdatamodeld in Sources */ = {isa = PBXBuildFile; fileRef = 2BDB212325C1602500111FCF /* Live_WWChar.xcdatamodeld */; };
		2BDB213525C16D8800111FCF /* Character+CoreDataClass.swift in Sources */ = {isa = PBXBuildFile; fileRef = 2BDB213125C16D8800111FCF /* Character+CoreDataClass.swift */; };
		2BDB213625C16D8800111FCF /* Character+CoreDataProperties.swift in Sources */ = {isa = PBXBuildFile; fileRef = 2BDB213225C16D8800111FCF /* Character+CoreDataProperties.swift */; };
		2BDB213725C16D8800111FCF /* House+CoreDataClass.swift in Sources */ = {isa = PBXBuildFile; fileRef = 2BDB213325C16D8800111FCF /* House+CoreDataClass.swift */; };
		2BDB213825C16D8800111FCF /* House+CoreDataProperties.swift in Sources */ = {isa = PBXBuildFile; fileRef = 2BDB213425C16D8800111FCF /* House+CoreDataProperties.swift */; };
		2BDB213B25C1730B00111FCF /* CharacterViewModel.swift in Sources */ = {isa = PBXBuildFile; fileRef = 2BDB213A25C1730B00111FCF /* CharacterViewModel.swift */; };
		2BDB213E25C1731B00111FCF /* HouseViewModel.swift in Sources */ = {isa = PBXBuildFile; fileRef = 2BDB213D25C1731B00111FCF /* HouseViewModel.swift */; };
		2BDB214125C174D100111FCF /* EditView.swift in Sources */ = {isa = PBXBuildFile; fileRef = 2BDB214025C174D100111FCF /* EditView.swift */; };
		2BDB214425C174DB00111FCF /* AddView.swift in Sources */ = {isa = PBXBuildFile; fileRef = 2BDB214325C174DB00111FCF /* AddView.swift */; };
		2BDB214725C174FC00111FCF /* Pill.swift in Sources */ = {isa = PBXBuildFile; fileRef = 2BDB214625C174FC00111FCF /* Pill.swift */; };
		2BDB214A25C1750800111FCF /* ListItem.swift in Sources */ = {isa = PBXBuildFile; fileRef = 2BDB214925C1750800111FCF /* ListItem.swift */; };
/* End PBXBuildFile section */

/* Begin PBXFileReference section */
		2BDB211525C1602400111FCF /* Live-WWChar.app */ = {isa = PBXFileReference; explicitFileType = wrapper.application; includeInIndex = 0; path = "Live-WWChar.app"; sourceTree = BUILT_PRODUCTS_DIR; };
		2BDB211825C1602400111FCF /* Live_WWCharApp.swift */ = {isa = PBXFileReference; lastKnownFileType = sourcecode.swift; path = Live_WWCharApp.swift; sourceTree = "<group>"; };
		2BDB211A25C1602400111FCF /* ContentView.swift */ = {isa = PBXFileReference; lastKnownFileType = sourcecode.swift; path = ContentView.swift; sourceTree = "<group>"; };
		2BDB211C25C1602500111FCF /* Assets.xcassets */ = {isa = PBXFileReference; lastKnownFileType = folder.assetcatalog; path = Assets.xcassets; sourceTree = "<group>"; };
		2BDB211F25C1602500111FCF /* Preview Assets.xcassets */ = {isa = PBXFileReference; lastKnownFileType = folder.assetcatalog; path = "Preview Assets.xcassets"; sourceTree = "<group>"; };
		2BDB212125C1602500111FCF /* Persistence.swift */ = {isa = PBXFileReference; lastKnownFileType = sourcecode.swift; path = Persistence.swift; sourceTree = "<group>"; };
		2BDB212425C1602500111FCF /* Live_WWChar.xcdatamodel */ = {isa = PBXFileReference; lastKnownFileType = wrapper.xcdatamodel; path = Live_WWChar.xcdatamodel; sourceTree = "<group>"; };
		2BDB212625C1602500111FCF /* Info.plist */ = {isa = PBXFileReference; lastKnownFileType = text.plist.xml; path = Info.plist; sourceTree = "<group>"; };
		2BDB213125C16D8800111FCF /* Character+CoreDataClass.swift */ = {isa = PBXFileReference; lastKnownFileType = sourcecode.swift; name = "Character+CoreDataClass.swift"; path = "Live-WWChar/Character+CoreDataClass.swift"; sourceTree = "<group>"; };
		2BDB213225C16D8800111FCF /* Character+CoreDataProperties.swift */ = {isa = PBXFileReference; lastKnownFileType = sourcecode.swift; name = "Character+CoreDataProperties.swift"; path = "Live-WWChar/Character+CoreDataProperties.swift"; sourceTree = "<group>"; };
		2BDB213325C16D8800111FCF /* House+CoreDataClass.swift */ = {isa = PBXFileReference; lastKnownFileType = sourcecode.swift; name = "House+CoreDataClass.swift"; path = "Live-WWChar/House+CoreDataClass.swift"; sourceTree = "<group>"; };
		2BDB213425C16D8800111FCF /* House+CoreDataProperties.swift */ = {isa = PBXFileReference; lastKnownFileType = sourcecode.swift; name = "House+CoreDataProperties.swift"; path = "Live-WWChar/House+CoreDataProperties.swift"; sourceTree = "<group>"; };
		2BDB213A25C1730B00111FCF /* CharacterViewModel.swift */ = {isa = PBXFileReference; lastKnownFileType = sourcecode.swift; path = CharacterViewModel.swift; sourceTree = "<group>"; };
		2BDB213D25C1731B00111FCF /* HouseViewModel.swift */ = {isa = PBXFileReference; lastKnownFileType = sourcecode.swift; path = HouseViewModel.swift; sourceTree = "<group>"; };
		2BDB214025C174D100111FCF /* EditView.swift */ = {isa = PBXFileReference; lastKnownFileType = sourcecode.swift; path = EditView.swift; sourceTree = "<group>"; };
		2BDB214325C174DB00111FCF /* AddView.swift */ = {isa = PBXFileReference; lastKnownFileType = sourcecode.swift; path = AddView.swift; sourceTree = "<group>"; };
		2BDB214625C174FC00111FCF /* Pill.swift */ = {isa = PBXFileReference; lastKnownFileType = sourcecode.swift; path = Pill.swift; sourceTree = "<group>"; };
		2BDB214925C1750800111FCF /* ListItem.swift */ = {isa = PBXFileReference; lastKnownFileType = sourcecode.swift; path = ListItem.swift; sourceTree = "<group>"; };
/* End PBXFileReference section */

/* Begin PBXFrameworksBuildPhase section */
		2BDB211225C1602400111FCF /* Frameworks */ = {
			isa = PBXFrameworksBuildPhase;
			buildActionMask = 2147483647;
			files = (
			);
			runOnlyForDeploymentPostprocessing = 0;
		};
/* End PBXFrameworksBuildPhase section */

/* Begin PBXGroup section */
		2BDB210C25C1602400111FCF = {
			isa = PBXGroup;
			children = (
				2BDB213125C16D8800111FCF /* Character+CoreDataClass.swift */,
				2BDB213225C16D8800111FCF /* Character+CoreDataProperties.swift */,
				2BDB213325C16D8800111FCF /* House+CoreDataClass.swift */,
				2BDB213425C16D8800111FCF /* House+CoreDataProperties.swift */,
				2BDB211725C1602400111FCF /* Live-WWChar */,
				2BDB211625C1602400111FCF /* Products */,
			);
			sourceTree = "<group>";
		};
		2BDB211625C1602400111FCF /* Products */ = {
			isa = PBXGroup;
			children = (
				2BDB211525C1602400111FCF /* Live-WWChar.app */,
			);
			name = Products;
			sourceTree = "<group>";
		};
		2BDB211725C1602400111FCF /* Live-WWChar */ = {
			isa = PBXGroup;
			children = (
				2BDB211825C1602400111FCF /* Live_WWCharApp.swift */,
				2BDB212E25C1636100111FCF /* ViewModels */,
				2BDB212D25C1633B00111FCF /* Views */,
				2BDB211C25C1602500111FCF /* Assets.xcassets */,
				2BDB212125C1602500111FCF /* Persistence.swift */,
				2BDB212625C1602500111FCF /* Info.plist */,
				2BDB212325C1602500111FCF /* Live_WWChar.xcdatamodeld */,
				2BDB211E25C1602500111FCF /* Preview Content */,
			);
			path = "Live-WWChar";
			sourceTree = "<group>";
		};
		2BDB211E25C1602500111FCF /* Preview Content */ = {
			isa = PBXGroup;
			children = (
				2BDB211F25C1602500111FCF /* Preview Assets.xcassets */,
			);
			path = "Preview Content";
			sourceTree = "<group>";
		};
		2BDB212D25C1633B00111FCF /* Views */ = {
			isa = PBXGroup;
			children = (
				2BDB211A25C1602400111FCF /* ContentView.swift */,
				2BDB214325C174DB00111FCF /* AddView.swift */,
				2BDB214625C174FC00111FCF /* Pill.swift */,
				2BDB214925C1750800111FCF /* ListItem.swift */,
				2BDB214025C174D100111FCF /* EditView.swift */,
			);
			path = Views;
			sourceTree = "<group>";
		};
		2BDB212E25C1636100111FCF /* ViewModels */ = {
			isa = PBXGroup;
			children = (
				2BDB213A25C1730B00111FCF /* CharacterViewModel.swift */,
				2BDB213D25C1731B00111FCF /* HouseViewModel.swift */,
			);
			path = ViewModels;
			sourceTree = "<group>";
		};
/* End PBXGroup section */

/* Begin PBXNativeTarget section */
		2BDB211425C1602400111FCF /* Live-WWChar */ = {
			isa = PBXNativeTarget;
			buildConfigurationList = 2BDB212925C1602500111FCF /* Build configuration list for PBXNativeTarget "Live-WWChar" */;
			buildPhases = (
				2BDB211125C1602400111FCF /* Sources */,
				2BDB211225C1602400111FCF /* Frameworks */,
				2BDB211325C1602400111FCF /* Resources */,
			);
			buildRules = (
			);
			dependencies = (
			);
			name = "Live-WWChar";
			productName = "Live-WWChar";
			productReference = 2BDB211525C1602400111FCF /* Live-WWChar.app */;
			productType = "com.apple.product-type.application";
		};
/* End PBXNativeTarget section */

/* Begin PBXProject section */
		2BDB210D25C1602400111FCF /* Project object */ = {
			isa = PBXProject;
			attributes = {
				LastSwiftUpdateCheck = 1230;
				LastUpgradeCheck = 1230;
				TargetAttributes = {
					2BDB211425C1602400111FCF = {
						CreatedOnToolsVersion = 12.3;
					};
				};
			};
			buildConfigurationList = 2BDB211025C1602400111FCF /* Build configuration list for PBXProject "Live-WWChar" */;
			compatibilityVersion = "Xcode 9.3";
			developmentRegion = en;
			hasScannedForEncodings = 0;
			knownRegions = (
				en,
				Base,
			);
			mainGroup = 2BDB210C25C1602400111FCF;
			productRefGroup = 2BDB211625C1602400111FCF /* Products */;
			projectDirPath = "";
			projectRoot = "";
			targets = (
				2BDB211425C1602400111FCF /* Live-WWChar */,
			);
		};
/* End PBXProject section */

/* Begin PBXResourcesBuildPhase section */
		2BDB211325C1602400111FCF /* Resources */ = {
			isa = PBXResourcesBuildPhase;
			buildActionMask = 2147483647;
			files = (
				2BDB212025C1602500111FCF /* Preview Assets.xcassets in Resources */,
				2BDB211D25C1602500111FCF /* Assets.xcassets in Resources */,
			);
			runOnlyForDeploymentPostprocessing = 0;
		};
/* End PBXResourcesBuildPhase section */

/* Begin PBXSourcesBuildPhase section */
		2BDB211125C1602400111FCF /* Sources */ = {
			isa = PBXSourcesBuildPhase;
			buildActionMask = 2147483647;
			files = (
				2BDB213825C16D8800111FCF /* House+CoreDataProperties.swift in Sources */,
				2BDB213B25C1730B00111FCF /* CharacterViewModel.swift in Sources */,
				2BDB214125C174D100111FCF /* EditView.swift in Sources */,
				2BDB212225C1602500111FCF /* Persistence.swift in Sources */,
				2BDB211B25C1602400111FCF /* ContentView.swift in Sources */,
				2BDB213725C16D8800111FCF /* House+CoreDataClass.swift in Sources */,
				2BDB211925C1602400111FCF /* Live_WWCharApp.swift in Sources */,
				2BDB214725C174FC00111FCF /* Pill.swift in Sources */,
				2BDB214A25C1750800111FCF /* ListItem.swift in Sources */,
				2BDB212525C1602500111FCF /* Live_WWChar.xcdatamodeld in Sources */,
				2BDB214425C174DB00111FCF /* AddView.swift in Sources */,
				2BDB213525C16D8800111FCF /* Character+CoreDataClass.swift in Sources */,
				2BDB213625C16D8800111FCF /* Character+CoreDataProperties.swift in Sources */,
				2BDB213E25C1731B00111FCF /* HouseViewModel.swift in Sources */,
			);
			runOnlyForDeploymentPostprocessing = 0;
		};
/* End PBXSourcesBuildPhase section */

/* Begin XCBuildConfiguration section */
		2BDB212725C1602500111FCF /* Debug */ = {
			isa = XCBuildConfiguration;
			buildSettings = {
				ALWAYS_SEARCH_USER_PATHS = NO;
				CLANG_ANALYZER_NONNULL = YES;
				CLANG_ANALYZER_NUMBER_OBJECT_CONVERSION = YES_AGGRESSIVE;
				CLANG_CXX_LANGUAGE_STANDARD = "gnu++14";
				CLANG_CXX_LIBRARY = "libc++";
				CLANG_ENABLE_MODULES = YES;
				CLANG_ENABLE_OBJC_ARC = YES;
				CLANG_ENABLE_OBJC_WEAK = YES;
				CLANG_WARN_BLOCK_CAPTURE_AUTORELEASING = YES;
				CLANG_WARN_BOOL_CONVERSION = YES;
				CLANG_WARN_COMMA = YES;
				CLANG_WARN_CONSTANT_CONVERSION = YES;
				CLANG_WARN_DEPRECATED_OBJC_IMPLEMENTATIONS = YES;
				CLANG_WARN_DIRECT_OBJC_ISA_USAGE = YES_ERROR;
				CLANG_WARN_DOCUMENTATION_COMMENTS = YES;
				CLANG_WARN_EMPTY_BODY = YES;
				CLANG_WARN_ENUM_CONVERSION = YES;
				CLANG_WARN_INFINITE_RECURSION = YES;
				CLANG_WARN_INT_CONVERSION = YES;
				CLANG_WARN_NON_LITERAL_NULL_CONVERSION = YES;
				CLANG_WARN_OBJC_IMPLICIT_RETAIN_SELF = YES;
				CLANG_WARN_OBJC_LITERAL_CONVERSION = YES;
				CLANG_WARN_OBJC_ROOT_CLASS = YES_ERROR;
				CLANG_WARN_QUOTED_INCLUDE_IN_FRAMEWORK_HEADER = YES;
				CLANG_WARN_RANGE_LOOP_ANALYSIS = YES;
				CLANG_WARN_STRICT_PROTOTYPES = YES;
				CLANG_WARN_SUSPICIOUS_MOVE = YES;
				CLANG_WARN_UNGUARDED_AVAILABILITY = YES_AGGRESSIVE;
				CLANG_WARN_UNREACHABLE_CODE = YES;
				CLANG_WARN__DUPLICATE_METHOD_MATCH = YES;
				COPY_PHASE_STRIP = NO;
				DEBUG_INFORMATION_FORMAT = dwarf;
				ENABLE_STRICT_OBJC_MSGSEND = YES;
				ENABLE_TESTABILITY = YES;
				GCC_C_LANGUAGE_STANDARD = gnu11;
				GCC_DYNAMIC_NO_PIC = NO;
				GCC_NO_COMMON_BLOCKS = YES;
				GCC_OPTIMIZATION_LEVEL = 0;
				GCC_PREPROCESSOR_DEFINITIONS = (
					"DEBUG=1",
					"$(inherited)",
				);
				GCC_WARN_64_TO_32_BIT_CONVERSION = YES;
				GCC_WARN_ABOUT_RETURN_TYPE = YES_ERROR;
				GCC_WARN_UNDECLARED_SELECTOR = YES;
				GCC_WARN_UNINITIALIZED_AUTOS = YES_AGGRESSIVE;
				GCC_WARN_UNUSED_FUNCTION = YES;
				GCC_WARN_UNUSED_VARIABLE = YES;
				IPHONEOS_DEPLOYMENT_TARGET = 14.3;
				MTL_ENABLE_DEBUG_INFO = INCLUDE_SOURCE;
				MTL_FAST_MATH = YES;
				ONLY_ACTIVE_ARCH = YES;
				SDKROOT = iphoneos;
				SWIFT_ACTIVE_COMPILATION_CONDITIONS = DEBUG;
				SWIFT_OPTIMIZATION_LEVEL = "-Onone";
			};
			name = Debug;
		};
		2BDB212825C1602500111FCF /* Release */ = {
			isa = XCBuildConfiguration;
			buildSettings = {
				ALWAYS_SEARCH_USER_PATHS = NO;
				CLANG_ANALYZER_NONNULL = YES;
				CLANG_ANALYZER_NUMBER_OBJECT_CONVERSION = YES_AGGRESSIVE;
				CLANG_CXX_LANGUAGE_STANDARD = "gnu++14";
				CLANG_CXX_LIBRARY = "libc++";
				CLANG_ENABLE_MODULES = YES;
				CLANG_ENABLE_OBJC_ARC = YES;
				CLANG_ENABLE_OBJC_WEAK = YES;
				CLANG_WARN_BLOCK_CAPTURE_AUTORELEASING = YES;
				CLANG_WARN_BOOL_CONVERSION = YES;
				CLANG_WARN_COMMA = YES;
				CLANG_WARN_CONSTANT_CONVERSION = YES;
				CLANG_WARN_DEPRECATED_OBJC_IMPLEMENTATIONS = YES;
				CLANG_WARN_DIRECT_OBJC_ISA_USAGE = YES_ERROR;
				CLANG_WARN_DOCUMENTATION_COMMENTS = YES;
				CLANG_WARN_EMPTY_BODY = YES;
				CLANG_WARN_ENUM_CONVERSION = YES;
				CLANG_WARN_INFINITE_RECURSION = YES;
				CLANG_WARN_INT_CONVERSION = YES;
				CLANG_WARN_NON_LITERAL_NULL_CONVERSION = YES;
				CLANG_WARN_OBJC_IMPLICIT_RETAIN_SELF = YES;
				CLANG_WARN_OBJC_LITERAL_CONVERSION = YES;
				CLANG_WARN_OBJC_ROOT_CLASS = YES_ERROR;
				CLANG_WARN_QUOTED_INCLUDE_IN_FRAMEWORK_HEADER = YES;
				CLANG_WARN_RANGE_LOOP_ANALYSIS = YES;
				CLANG_WARN_STRICT_PROTOTYPES = YES;
				CLANG_WARN_SUSPICIOUS_MOVE = YES;
				CLANG_WARN_UNGUARDED_AVAILABILITY = YES_AGGRESSIVE;
				CLANG_WARN_UNREACHABLE_CODE = YES;
				CLANG_WARN__DUPLICATE_METHOD_MATCH = YES;
				COPY_PHASE_STRIP = NO;
				DEBUG_INFORMATION_FORMAT = "dwarf-with-dsym";
				ENABLE_NS_ASSERTIONS = NO;
				ENABLE_STRICT_OBJC_MSGSEND = YES;
				GCC_C_LANGUAGE_STANDARD = gnu11;
				GCC_NO_COMMON_BLOCKS = YES;
				GCC_WARN_64_TO_32_BIT_CONVERSION = YES;
				GCC_WARN_ABOUT_RETURN_TYPE = YES_ERROR;
				GCC_WARN_UNDECLARED_SELECTOR = YES;
				GCC_WARN_UNINITIALIZED_AUTOS = YES_AGGRESSIVE;
				GCC_WARN_UNUSED_FUNCTION = YES;
				GCC_WARN_UNUSED_VARIABLE = YES;
				IPHONEOS_DEPLOYMENT_TARGET = 14.3;
				MTL_ENABLE_DEBUG_INFO = NO;
				MTL_FAST_MATH = YES;
				SDKROOT = iphoneos;
				SWIFT_COMPILATION_MODE = wholemodule;
				SWIFT_OPTIMIZATION_LEVEL = "-O";
				VALIDATE_PRODUCT = YES;
			};
			name = Release;
		};
		2BDB212A25C1602500111FCF /* Debug */ = {
			isa = XCBuildConfiguration;
			buildSettings = {
				ASSETCATALOG_COMPILER_APPICON_NAME = AppIcon;
				ASSETCATALOG_COMPILER_GLOBAL_ACCENT_COLOR_NAME = AccentColor;
				CODE_SIGN_STYLE = Automatic;
				DEVELOPMENT_ASSET_PATHS = "\"Live-WWChar/Preview Content\"";
				DEVELOPMENT_TEAM = 85Y7A7HSKG;
				ENABLE_PREVIEWS = YES;
				INFOPLIST_FILE = "Live-WWChar/Info.plist";
				IPHONEOS_DEPLOYMENT_TARGET = 14.0;
				LD_RUNPATH_SEARCH_PATHS = (
					"$(inherited)",
					"@executable_path/Frameworks",
				);
				PRODUCT_BUNDLE_IDENTIFIER = "com.saschasalles.Live-WWChar";
				PRODUCT_NAME = "$(TARGET_NAME)";
				SWIFT_VERSION = 5.0;
				TARGETED_DEVICE_FAMILY = "1,2";
			};
			name = Debug;
		};
		2BDB212B25C1602500111FCF /* Release */ = {
			isa = XCBuildConfiguration;
			buildSettings = {
				ASSETCATALOG_COMPILER_APPICON_NAME = AppIcon;
				ASSETCATALOG_COMPILER_GLOBAL_ACCENT_COLOR_NAME = AccentColor;
				CODE_SIGN_STYLE = Automatic;
				DEVELOPMENT_ASSET_PATHS = "\"Live-WWChar/Preview Content\"";
				DEVELOPMENT_TEAM = 85Y7A7HSKG;
				ENABLE_PREVIEWS = YES;
				INFOPLIST_FILE = "Live-WWChar/Info.plist";
				IPHONEOS_DEPLOYMENT_TARGET = 14.0;
				LD_RUNPATH_SEARCH_PATHS = (
					"$(inherited)",
					"@executable_path/Frameworks",
				);
				PRODUCT_BUNDLE_IDENTIFIER = "com.saschasalles.Live-WWChar";
				PRODUCT_NAME = "$(TARGET_NAME)";
				SWIFT_VERSION = 5.0;
				TARGETED_DEVICE_FAMILY = "1,2";
			};
			name = Release;
		};
/* End XCBuildConfiguration section */

/* Begin XCConfigurationList section */
		2BDB211025C1602400111FCF /* Build configuration list for PBXProject "Live-WWChar" */ = {
			isa = XCConfigurationList;
			buildConfigurations = (
				2BDB212725C1602500111FCF /* Debug */,
				2BDB212825C1602500111FCF /* Release */,
			);
			defaultConfigurationIsVisible = 0;
			defaultConfigurationName = Release;
		};
		2BDB212925C1602500111FCF /* Build configuration list for PBXNativeTarget "Live-WWChar" */ = {
			isa = XCConfigurationList;
			buildConfigurations = (
				2BDB212A25C1602500111FCF /* Debug */,
				2BDB212B25C1602500111FCF /* Release */,
			);
			defaultConfigurationIsVisible = 0;
			defaultConfigurationName = Release;
		};
/* End XCConfigurationList section */

/* Begin XCVersionGroup section */
		2BDB212325C1602500111FCF /* Live_WWChar.xcdatamodeld */ = {
			isa = XCVersionGroup;
			children = (
				2BDB212425C1602500111FCF /* Live_WWChar.xcdatamodel */,
			);
			currentVersion = 2BDB212425C1602500111FCF /* Live_WWChar.xcdatamodel */;
			path = Live_WWChar.xcdatamodeld;
			sourceTree = "<group>";
			versionGroupType = wrapper.xcdatamodel;
		};
/* End XCVersionGroup section */
	};
	rootObject = 2BDB210D25C1602400111FCF /* Project object */;
}
